# THIS IS AN AUTOGENERATED FILE. DO NOT EDIT THIS FILE DIRECTLY.
# yarn lockfile v1


"@react-native-firebase/firestore@^16.1.1":
  version "16.1.1"
  resolved "https://registry.yarnpkg.com/@react-native-firebase/firestore/-/firestore-16.1.1.tgz#b3265e409d447c065071409de70d58579dcf19c6"
  integrity sha512-ZEG8WnwNoBAqiUpobTBNQErg6YV76GndQYGzqSdsq1N0iqpNaYg9+bkAmsAO7RodGL4vAWVXCrahtpFzgoRAlw==
